
Microsoft Visual Studio Solution File, Format Version 12.00
# Visual Studio Version 16
VisualStudioVersion = 16.0.33214.272
MinimumVisualStudioVersion = 10.0.40219.1
Project("{FAE04EC0-301F-11D3-BF4B-00C04F79EFBC}") = "DiplomaProjectActEmp_KSV", "DiplomaProjectActEmp_KSV.csproj", "{04BE52D2-E569-47B3-9481-BFA9CE1D0CD4}"
EndProject
Project("{FAE04EC0-301F-11D3-BF4B-00C04F79EFBC}") = "Library", "..\Library\Library.csproj", "{EDB8DD63-5344-4993-833B-95B539E8F059}"
EndProject
Project("{FAE04EC0-301F-11D3-BF4B-00C04F79EFBC}") = "MethodicalCodeValidator", "..\TestClass\MethodicalCodeValidator.csproj", "{849F7FFE-A3D5-4D3D-A6A0-C49F43DA4BF5}"
EndProject
Project("{FAE04EC0-301F-11D3-BF4B-00C04F79EFBC}") = "UnitTestProject1", "..\UnitTestProject1\UnitTestProject1.csproj", "{F93FB102-C9AB-4FE2-B0CA-2BBE5C522645}"
EndProject
Project("{FAE04EC0-301F-11D3-BF4B-00C04F79EFBC}") = "ClassLibrary_HAU_KSV", "..\ClassLibrary_HAU_KSV\ClassLibrary_HAU_KSV.csproj", "{3CFE2358-D58B-4FCC-855E-7CBFE1169BAF}"
EndProject
Global
	GlobalSection(SolutionConfigurationPlatforms) = preSolution
		Debug|Any CPU = Debug|Any CPU
		Release|Any CPU = Release|Any CPU
	EndGlobalSection
	GlobalSection(ProjectConfigurationPlatforms) = postSolution
		{04BE52D2-E569-47B3-9481-BFA9CE1D0CD4}.Debug|Any CPU.ActiveCfg = Debug|Any CPU
		{04BE52D2-E569-47B3-9481-BFA9CE1D0CD4}.Debug|Any CPU.Build.0 = Debug|Any CPU
		{04BE52D2-E569-47B3-9481-BFA9CE1D0CD4}.Release|Any CPU.ActiveCfg = Release|Any CPU
		{04BE52D2-E569-47B3-9481-BFA9CE1D0CD4}.Release|Any CPU.Build.0 = Release|Any CPU
		{EDB8DD63-5344-4993-833B-95B539E8F059}.Debug|Any CPU.ActiveCfg = Debug|Any CPU
		{EDB8DD63-5344-4993-833B-95B539E8F059}.Debug|Any CPU.Build.0 = Debug|Any CPU
		{EDB8DD63-5344-4993-833B-95B539E8F059}.Release|Any CPU.ActiveCfg = Release|Any CPU
		{EDB8DD63-5344-4993-833B-95B539E8F059}.Release|Any CPU.Build.0 = Release|Any CPU
		{849F7FFE-A3D5-4D3D-A6A0-C49F43DA4BF5}.Debug|Any CPU.ActiveCfg = Debug|Any CPU
		{849F7FFE-A3D5-4D3D-A6A0-C49F43DA4BF5}.Debug|Any CPU.Build.0 = Debug|Any CPU
		{849F7FFE-A3D5-4D3D-A6A0-C49F43DA4BF5}.Release|Any CPU.ActiveCfg = Release|Any CPU
		{849F7FFE-A3D5-4D3D-A6A0-C49F43DA4BF5}.Release|Any CPU.Build.0 = Release|Any CPU
		{F93FB102-C9AB-4FE2-B0CA-2BBE5C522645}.Debug|Any CPU.ActiveCfg = Debug|Any CPU
		{F93FB102-C9AB-4FE2-B0CA-2BBE5C522645}.Debug|Any CPU.Build.0 = Debug|Any CPU
		{F93FB102-C9AB-4FE2-B0CA-2BBE5C522645}.Release|Any CPU.ActiveCfg = Release|Any CPU
		{F93FB102-C9AB-4FE2-B0CA-2BBE5C522645}.Release|Any CPU.Build.0 = Release|Any CPU
		{3CFE2358-D58B-4FCC-855E-7CBFE1169BAF}.Debug|Any CPU.ActiveCfg = Debug|Any CPU
		{3CFE2358-D58B-4FCC-855E-7CBFE1169BAF}.Debug|Any CPU.Build.0 = Debug|Any CPU
		{3CFE2358-D58B-4FCC-855E-7CBFE1169BAF}.Release|Any CPU.ActiveCfg = Release|Any CPU
		{3CFE2358-D58B-4FCC-855E-7CBFE1169BAF}.Release|Any CPU.Build.0 = Release|Any CPU
	EndGlobalSection
	GlobalSection(SolutionProperties) = preSolution
		HideSolutionNode = FALSE
	EndGlobalSection
	GlobalSection(ExtensibilityGlobals) = postSolution
		SolutionGuid = {50646BFC-3BB0-4B18-92EE-F6130B55F222}
	EndGlobalSection
EndGlobal
